
Microsoft Visual Studio Solution File, Format Version 12.00
# Visual Studio Version 16
VisualStudioVersion = 16.0.30225.117
MinimumVisualStudioVersion = 10.0.40219.1
Project("{FAE04EC0-301F-11D3-BF4B-00C04F79EFBC}") = "Messanger", "WpfApp3\Messanger.csproj", "{29B6D9D9-D4CE-460D-9A85-7E13D8498DFF}"
EndProject
Global
	GlobalSection(SolutionConfigurationPlatforms) = preSolution
		Debug|Any CPU = Debug|Any CPU
		Release|Any CPU = Release|Any CPU
	EndGlobalSection
	GlobalSection(ProjectConfigurationPlatforms) = postSolution
		{29B6D9D9-D4CE-460D-9A85-7E13D8498DFF}.Debug|Any CPU.ActiveCfg = Debug|Any CPU
		{29B6D9D9-D4CE-460D-9A85-7E13D8498DFF}.Debug|Any CPU.Build.0 = Debug|Any CPU
		{29B6D9D9-D4CE-460D-9A85-7E13D8498DFF}.Release|Any CPU.ActiveCfg = Release|Any CPU
		{29B6D9D9-D4CE-460D-9A85-7E13D8498DFF}.Release|Any CPU.Build.0 = Release|Any CPU
	EndGlobalSection
	GlobalSection(SolutionProperties) = preSolution
		HideSolutionNode = FALSE
	EndGlobalSection
	GlobalSection(ExtensibilityGlobals) = postSolution
		SolutionGuid = {56A84A9C-3092-421B-891B-15263366D11F}
	EndGlobalSection
EndGlobal
